
Microsoft Visual Studio Solution File, Format Version 12.00
# Visual Studio 15
VisualStudioVersion = 15.0.27428.2043
MinimumVisualStudioVersion = 10.0.40219.1
Project("{FAE04EC0-301F-11D3-BF4B-00C04F79EFBC}") = "DFC.Jobprofile.RestAPI", "DFC.Jobprofile.RestAPI\DFC.Jobprofile.RestAPI.csproj", "{25D05CF5-24CC-4C7A-A80F-3573FDA639A8}"
EndProject
Project("{2150E333-8FDC-42A3-9474-1A3956D46DE8}") = "DataModel", "DataModel", "{FEBC6E43-3E2C-4F32-9DCE-9ED8821A1167}"
EndProject
Project("{2150E333-8FDC-42A3-9474-1A3956D46DE8}") = "RestService", "RestService", "{48B4A070-E382-4ACD-BF10-BFC601BC1615}"
EndProject
Project("{FAE04EC0-301F-11D3-BF4B-00C04F79EFBC}") = "DFC.JobProfile.DataAccess", "DFC.JobProfile.DataAccess\DFC.JobProfile.DataAccess.csproj", "{9C3D5FE2-2220-4A37-A04E-6D30E947B4F2}"
EndProject
Project("{2150E333-8FDC-42A3-9474-1A3956D46DE8}") = "JobProfileExporter", "JobProfileExporter", "{76CEEEC2-22AF-413F-B431-65780291C1C3}"
EndProject
Project("{2150E333-8FDC-42A3-9474-1A3956D46DE8}") = "JobProfileImporter", "JobProfileImporter", "{A0740A72-1C84-4D97-822C-B44693B76D63}"
EndProject
Project("{2150E333-8FDC-42A3-9474-1A3956D46DE8}") = "Service", "Service", "{D6D4412E-1639-4399-AD61-51CF0EF5AC29}"
EndProject
Project("{FAE04EC0-301F-11D3-BF4B-00C04F79EFBC}") = "DFC.JobProfile.ExportService", "DFC.JobProfile.ExportService\DFC.JobProfile.ExportService.csproj", "{1E8D25FC-6EFC-4E40-8E2A-65D4E34F2953}"
EndProject
Project("{2150E333-8FDC-42A3-9474-1A3956D46DE8}") = "Repository", "Repository", "{D38ADD78-F0DC-497F-AF22-6D9CE8F69042}"
EndProject
Project("{FAE04EC0-301F-11D3-BF4B-00C04F79EFBC}") = "DFC.JobProfile.Dapper", "DFC.JobProfile.Dapper\DFC.JobProfile.Dapper.csproj", "{9FB0E225-FE30-4BFB-882C-A2FE26B3EB42}"
EndProject
Project("{FAE04EC0-301F-11D3-BF4B-00C04F79EFBC}") = "DFC.JobProfile.DataExporter", "DFC.JobProfile.DataExporter\DFC.JobProfile.DataExporter.csproj", "{B0D57897-A348-4272-8C33-DB9C8BBBC50B}"
EndProject
Project("{FAE04EC0-301F-11D3-BF4B-00C04F79EFBC}") = "DFC.JobProfile.DataImporter", "DFC.JobProfile.DataImporter\DFC.JobProfile.DataImporter.csproj", "{F1D9D93A-67D0-499C-BB02-4112A07BADFD}"
EndProject
Project("{2150E333-8FDC-42A3-9474-1A3956D46DE8}") = "AutofacConfiguration", "AutofacConfiguration", "{E8D11409-5BC1-4B48-8C87-A843B8CFFC1D}"
EndProject
Project("{FAE04EC0-301F-11D3-BF4B-00C04F79EFBC}") = "AutofacConfiguration", "AutofacConfiguration\AutofacConfiguration.csproj", "{161B7FA9-459F-4CE9-936D-2EBBE88583BC}"
EndProject
Global
	GlobalSection(SolutionConfigurationPlatforms) = preSolution
		Debug|Any CPU = Debug|Any CPU
		Release|Any CPU = Release|Any CPU
	EndGlobalSection
	GlobalSection(ProjectConfigurationPlatforms) = postSolution
		{25D05CF5-24CC-4C7A-A80F-3573FDA639A8}.Debug|Any CPU.ActiveCfg = Debug|Any CPU
		{25D05CF5-24CC-4C7A-A80F-3573FDA639A8}.Debug|Any CPU.Build.0 = Debug|Any CPU
		{25D05CF5-24CC-4C7A-A80F-3573FDA639A8}.Release|Any CPU.ActiveCfg = Release|Any CPU
		{25D05CF5-24CC-4C7A-A80F-3573FDA639A8}.Release|Any CPU.Build.0 = Release|Any CPU
		{9C3D5FE2-2220-4A37-A04E-6D30E947B4F2}.Debug|Any CPU.ActiveCfg = Debug|Any CPU
		{9C3D5FE2-2220-4A37-A04E-6D30E947B4F2}.Debug|Any CPU.Build.0 = Debug|Any CPU
		{9C3D5FE2-2220-4A37-A04E-6D30E947B4F2}.Release|Any CPU.ActiveCfg = Release|Any CPU
		{9C3D5FE2-2220-4A37-A04E-6D30E947B4F2}.Release|Any CPU.Build.0 = Release|Any CPU
		{1E8D25FC-6EFC-4E40-8E2A-65D4E34F2953}.Debug|Any CPU.ActiveCfg = Debug|Any CPU
		{1E8D25FC-6EFC-4E40-8E2A-65D4E34F2953}.Debug|Any CPU.Build.0 = Debug|Any CPU
		{1E8D25FC-6EFC-4E40-8E2A-65D4E34F2953}.Release|Any CPU.ActiveCfg = Release|Any CPU
		{1E8D25FC-6EFC-4E40-8E2A-65D4E34F2953}.Release|Any CPU.Build.0 = Release|Any CPU
		{9FB0E225-FE30-4BFB-882C-A2FE26B3EB42}.Debug|Any CPU.ActiveCfg = Debug|Any CPU
		{9FB0E225-FE30-4BFB-882C-A2FE26B3EB42}.Debug|Any CPU.Build.0 = Debug|Any CPU
		{9FB0E225-FE30-4BFB-882C-A2FE26B3EB42}.Release|Any CPU.ActiveCfg = Release|Any CPU
		{9FB0E225-FE30-4BFB-882C-A2FE26B3EB42}.Release|Any CPU.Build.0 = Release|Any CPU
		{B0D57897-A348-4272-8C33-DB9C8BBBC50B}.Debug|Any CPU.ActiveCfg = Debug|Any CPU
		{B0D57897-A348-4272-8C33-DB9C8BBBC50B}.Debug|Any CPU.Build.0 = Debug|Any CPU
		{B0D57897-A348-4272-8C33-DB9C8BBBC50B}.Release|Any CPU.ActiveCfg = Release|Any CPU
		{B0D57897-A348-4272-8C33-DB9C8BBBC50B}.Release|Any CPU.Build.0 = Release|Any CPU
		{F1D9D93A-67D0-499C-BB02-4112A07BADFD}.Debug|Any CPU.ActiveCfg = Debug|Any CPU
		{F1D9D93A-67D0-499C-BB02-4112A07BADFD}.Debug|Any CPU.Build.0 = Debug|Any CPU
		{F1D9D93A-67D0-499C-BB02-4112A07BADFD}.Release|Any CPU.ActiveCfg = Release|Any CPU
		{F1D9D93A-67D0-499C-BB02-4112A07BADFD}.Release|Any CPU.Build.0 = Release|Any CPU
		{161B7FA9-459F-4CE9-936D-2EBBE88583BC}.Debug|Any CPU.ActiveCfg = Debug|Any CPU
		{161B7FA9-459F-4CE9-936D-2EBBE88583BC}.Debug|Any CPU.Build.0 = Debug|Any CPU
		{161B7FA9-459F-4CE9-936D-2EBBE88583BC}.Release|Any CPU.ActiveCfg = Release|Any CPU
		{161B7FA9-459F-4CE9-936D-2EBBE88583BC}.Release|Any CPU.Build.0 = Release|Any CPU
	EndGlobalSection
	GlobalSection(SolutionProperties) = preSolution
		HideSolutionNode = FALSE
	EndGlobalSection
	GlobalSection(NestedProjects) = preSolution
		{25D05CF5-24CC-4C7A-A80F-3573FDA639A8} = {48B4A070-E382-4ACD-BF10-BFC601BC1615}
		{9C3D5FE2-2220-4A37-A04E-6D30E947B4F2} = {FEBC6E43-3E2C-4F32-9DCE-9ED8821A1167}
		{1E8D25FC-6EFC-4E40-8E2A-65D4E34F2953} = {D6D4412E-1639-4399-AD61-51CF0EF5AC29}
		{9FB0E225-FE30-4BFB-882C-A2FE26B3EB42} = {D38ADD78-F0DC-497F-AF22-6D9CE8F69042}
		{B0D57897-A348-4272-8C33-DB9C8BBBC50B} = {76CEEEC2-22AF-413F-B431-65780291C1C3}
		{F1D9D93A-67D0-499C-BB02-4112A07BADFD} = {A0740A72-1C84-4D97-822C-B44693B76D63}
		{161B7FA9-459F-4CE9-936D-2EBBE88583BC} = {E8D11409-5BC1-4B48-8C87-A843B8CFFC1D}
	EndGlobalSection
	GlobalSection(ExtensibilityGlobals) = postSolution
		SolutionGuid = {552C8A35-ADB7-4DC4-9B0D-0095C04CDECB}
	EndGlobalSection
EndGlobal
